
Microsoft Visual Studio Solution File, Format Version 12.00
# Visual Studio 15
VisualStudioVersion = 15.0.28307.572
MinimumVisualStudioVersion = 10.0.40219.1
Project("{8BC9CEB8-8B4A-11D0-8D11-00A0C91BC942}") = "xinput1_3", "xinput1_3\xinput1_3.vcxproj", "{3941E9F8-2E29-4D69-8717-F74562ED5301}"
EndProject
Global
	GlobalSection(SolutionConfigurationPlatforms) = preSolution
		Debug|x64 = Debug|x64
		Debug|x86 = Debug|x86
		Release - Tournament Mode|x64 = Release - Tournament Mode|x64
		Release - Tournament Mode|x86 = Release - Tournament Mode|x86
		Release|x64 = Release|x64
		Release|x86 = Release|x86
	EndGlobalSection
	GlobalSection(ProjectConfigurationPlatforms) = postSolution
		{3941E9F8-2E29-4D69-8717-F74562ED5301}.Debug|x64.ActiveCfg = Debug|x64
		{3941E9F8-2E29-4D69-8717-F74562ED5301}.Debug|x64.Build.0 = Debug|x64
		{3941E9F8-2E29-4D69-8717-F74562ED5301}.Debug|x86.ActiveCfg = Debug|Win32
		{3941E9F8-2E29-4D69-8717-F74562ED5301}.Debug|x86.Build.0 = Debug|Win32
		{3941E9F8-2E29-4D69-8717-F74562ED5301}.Release - Tournament Mode|x64.ActiveCfg = Release - Tournament Mode|x64
		{3941E9F8-2E29-4D69-8717-F74562ED5301}.Release - Tournament Mode|x64.Build.0 = Release - Tournament Mode|x64
		{3941E9F8-2E29-4D69-8717-F74562ED5301}.Release - Tournament Mode|x86.ActiveCfg = Release - Tournament Mode|Win32
		{3941E9F8-2E29-4D69-8717-F74562ED5301}.Release - Tournament Mode|x86.Build.0 = Release - Tournament Mode|Win32
		{3941E9F8-2E29-4D69-8717-F74562ED5301}.Release|x64.ActiveCfg = Release|x64
		{3941E9F8-2E29-4D69-8717-F74562ED5301}.Release|x64.Build.0 = Release|x64
		{3941E9F8-2E29-4D69-8717-F74562ED5301}.Release|x86.ActiveCfg = Release|Win32
		{3941E9F8-2E29-4D69-8717-F74562ED5301}.Release|x86.Build.0 = Release|Win32
	EndGlobalSection
	GlobalSection(SolutionProperties) = preSolution
		HideSolutionNode = FALSE
	EndGlobalSection
	GlobalSection(ExtensibilityGlobals) = postSolution
		SolutionGuid = {AA0CE254-FF66-4F54-AE77-5F3A0E035C47}
	EndGlobalSection
EndGlobal
